
Microsoft Visual Studio Solution File, Format Version 12.00
# Visual Studio 2012
Project("{8BC9CEB8-8B4A-11D0-8D11-00A0C91BC942}") = "hello_world", "hello_world\hello_world.vcxproj", "{60579406-B4A7-482B-A50D-105C83B11A73}"
EndProject
Global
	GlobalSection(SolutionConfigurationPlatforms) = preSolution
		Debug|Win32 = Debug|Win32
		Release|Win32 = Release|Win32
	EndGlobalSection
	GlobalSection(ProjectConfigurationPlatforms) = postSolution
		{60579406-B4A7-482B-A50D-105C83B11A73}.Debug|Win32.ActiveCfg = Debug|Win32
		{60579406-B4A7-482B-A50D-105C83B11A73}.Debug|Win32.Build.0 = Debug|Win32
		{60579406-B4A7-482B-A50D-105C83B11A73}.Release|Win32.ActiveCfg = Release|Win32
		{60579406-B4A7-482B-A50D-105C83B11A73}.Release|Win32.Build.0 = Release|Win32
	EndGlobalSection
	GlobalSection(SolutionProperties) = preSolution
		HideSolutionNode = FALSE
	EndGlobalSection
EndGlobal
